
Microsoft Visual Studio Solution File, Format Version 12.00
# Visual Studio Version 17
VisualStudioVersion = 17.14.36915.13 d17.14
MinimumVisualStudioVersion = 10.0.40219.1
Project("{FAE04EC0-301F-11D3-BF4B-00C04F79EFBC}") = "praktika-6", "praktika-6\praktika-6.csproj", "{6566AF22-1EA7-4751-B8B9-FDF5A5AFACE6}"
EndProject
Global
	GlobalSection(SolutionConfigurationPlatforms) = preSolution
		Debug|Any CPU = Debug|Any CPU
		Release|Any CPU = Release|Any CPU
	EndGlobalSection
	GlobalSection(ProjectConfigurationPlatforms) = postSolution
		{6566AF22-1EA7-4751-B8B9-FDF5A5AFACE6}.Debug|Any CPU.ActiveCfg = Debug|Any CPU
		{6566AF22-1EA7-4751-B8B9-FDF5A5AFACE6}.Debug|Any CPU.Build.0 = Debug|Any CPU
		{6566AF22-1EA7-4751-B8B9-FDF5A5AFACE6}.Release|Any CPU.ActiveCfg = Release|Any CPU
		{6566AF22-1EA7-4751-B8B9-FDF5A5AFACE6}.Release|Any CPU.Build.0 = Release|Any CPU
	EndGlobalSection
	GlobalSection(SolutionProperties) = preSolution
		HideSolutionNode = FALSE
	EndGlobalSection
	GlobalSection(ExtensibilityGlobals) = postSolution
		SolutionGuid = {D67F42B9-727F-469C-B97A-8246F8E3CD4A}
	EndGlobalSection
EndGlobal
